{
  "name": "scuba-physics",
  "version": "0.1.21",
  "lockfileVersion": 3,
  "requires": true,
  "packages": {
    "": {
      "name": "scuba-physics",
      "version": "0.1.21",
      "dependencies": {
        "tslib": "^2.4.0"
      },
      "peerDependencies": {
        "@angular/common": "^16.1.3",
        "@angular/core": "^16.1.3"
      }
    },
    "node_modules/@angular/common": {
      "version": "16.2.2",
      "resolved": "https://artifactory.solarwinds.com:443/artifactory/api/npm/npm/@angular/common/-/common-16.2.2.tgz",
      "integrity": "sha1-I4Kx2zGfdn7/uYlGTR23QmMZST0=",
      "license": "MIT",
      "peer": true,
      "dependencies": {
        "tslib": "^2.3.0"
      },
      "engines": {
        "node": "^16.14.0 || >=18.10.0"
      },
      "peerDependencies": {
        "@angular/core": "16.2.2",
        "rxjs": "^6.5.3 || ^7.4.0"
      }
    },
    "node_modules/@angular/core": {
      "version": "16.2.2",
      "resolved": "https://artifactory.solarwinds.com:443/artifactory/api/npm/npm/@angular/core/-/core-16.2.2.tgz",
      "integrity": "sha1-ADKOL+/ZAiTSgLG9eAL9kgkYzeA=",
      "license": "MIT",
      "peer": true,
      "dependencies": {
        "tslib": "^2.3.0"
      },
      "engines": {
        "node": "^16.14.0 || >=18.10.0"
      },
      "peerDependencies": {
        "rxjs": "^6.5.3 || ^7.4.0",
        "zone.js": "~0.13.0"
      }
    },
    "node_modules/rxjs": {
      "version": "7.8.1",
      "resolved": "https://artifactory.solarwinds.com:443/artifactory/api/npm/npm/rxjs/-/rxjs-7.8.1.tgz",
      "integrity": "sha1-b289meqARCke/ZLnx/z1YsQFdUM=",
      "license": "Apache-2.0",
      "peer": true,
      "dependencies": {
        "tslib": "^2.1.0"
      }
    },
    "node_modules/tslib": {
      "version": "2.4.1",
      "resolved": "https://artifactory.solarwinds.com:443/artifactory/api/npm/npm/tslib/-/tslib-2.4.1.tgz",
      "integrity": "sha1-DQv7qsKIC5HiLfB2jlW+l1OlsX4=",
      "license": "0BSD"
    },
    "node_modules/zone.js": {
      "version": "0.13.1",
      "resolved": "https://artifactory.solarwinds.com:443/artifactory/api/npm/npm/zone.js/-/zone.js-0.13.1.tgz",
      "integrity": "sha1-6gb2qAuorAxo5BI2WucuLNB4eYI=",
      "license": "MIT",
      "peer": true,
      "dependencies": {
        "tslib": "^2.3.0"
      }
    }
  }
}
