{
  "name": "scuba-physics",
  "version": "0.1.17",
  "lockfileVersion": 3,
  "requires": true,
  "packages": {
    "": {
      "name": "scuba-physics",
      "version": "0.1.17",
      "dependencies": {
        "tslib": "^2.4.0"
      },
      "peerDependencies": {
        "@angular/common": "^14.2.12",
        "@angular/core": "^14.2.12"
      }
    },
    "node_modules/@angular/common": {
      "version": "14.2.12",
      "resolved": "https://artifactory.solarwinds.com:443/artifactory/api/npm/npm/@angular/common/-/common-14.2.12.tgz",
      "integrity": "sha1-tgj/YppjXzI7KXAA9T+Xb3GuPIA=",
      "license": "MIT",
      "peer": true,
      "dependencies": {
        "tslib": "^2.3.0"
      },
      "engines": {
        "node": "^14.15.0 || >=16.10.0"
      },
      "peerDependencies": {
        "@angular/core": "14.2.12",
        "rxjs": "^6.5.3 || ^7.4.0"
      }
    },
    "node_modules/@angular/core": {
      "version": "14.2.12",
      "resolved": "https://artifactory.solarwinds.com:443/artifactory/api/npm/npm/@angular/core/-/core-14.2.12.tgz",
      "integrity": "sha1-EYRn7E6OoIKTGoTozv5yKg4RDck=",
      "license": "MIT",
      "peer": true,
      "dependencies": {
        "tslib": "^2.3.0"
      },
      "engines": {
        "node": "^14.15.0 || >=16.10.0"
      },
      "peerDependencies": {
        "rxjs": "^6.5.3 || ^7.4.0",
        "zone.js": "~0.11.4 || ~0.12.0"
      }
    },
    "node_modules/rxjs": {
      "version": "7.6.0",
      "resolved": "https://artifactory.solarwinds.com:443/artifactory/api/npm/npm/rxjs/-/rxjs-7.6.0.tgz",
      "integrity": "sha1-Nh2lNitt2qaRot4LTy0yAo8etaI=",
      "license": "Apache-2.0",
      "peer": true,
      "dependencies": {
        "tslib": "^2.1.0"
      }
    },
    "node_modules/tslib": {
      "version": "2.4.1",
      "resolved": "https://artifactory.solarwinds.com:443/artifactory/api/npm/npm/tslib/-/tslib-2.4.1.tgz",
      "integrity": "sha1-DQv7qsKIC5HiLfB2jlW+l1OlsX4=",
      "license": "0BSD"
    },
    "node_modules/zone.js": {
      "version": "0.12.0",
      "resolved": "https://artifactory.solarwinds.com:443/artifactory/api/npm/npm/zone.js/-/zone.js-0.12.0.tgz",
      "integrity": "sha1-pKbl+rbTS9N9icd+iawub0o9LDA=",
      "license": "MIT",
      "peer": true,
      "dependencies": {
        "tslib": "^2.3.0"
      }
    }
  }
}
